// !$*UTF8*$!
{
	archiveVersion = 1;
	classes = {
	};
	objectVersion = 46;
	objects = {

/* Begin PBXBuildFile section */
		1176B045BAA3A85EAE06E5F5 /* libPods-Quiz6.a in Frameworks */ = {isa = PBXBuildFile; fileRef = 2AE1105C3E76F84FC166D0DF /* libPods-Quiz6.a */; };
		E46314361DF354BC00ABA354 /* main.m in Sources */ = {isa = PBXBuildFile; fileRef = E46314351DF354BC00ABA354 /* main.m */; };
		E46314391DF354BC00ABA354 /* AppDelegate.m in Sources */ = {isa = PBXBuildFile; fileRef = E46314381DF354BC00ABA354 /* AppDelegate.m */; };
		E463143C1DF354BC00ABA354 /* ViewController.m in Sources */ = {isa = PBXBuildFile; fileRef = E463143B1DF354BC00ABA354 /* ViewController.m */; };
		E463143F1DF354BC00ABA354 /* Main.storyboard in Resources */ = {isa = PBXBuildFile; fileRef = E463143D1DF354BC00ABA354 /* Main.storyboard */; };
		E46314411DF354BC00ABA354 /* Assets.xcassets in Resources */ = {isa = PBXBuildFile; fileRef = E46314401DF354BC00ABA354 /* Assets.xcassets */; };
		E46314441DF354BC00ABA354 /* LaunchScreen.storyboard in Resources */ = {isa = PBXBuildFile; fileRef = E46314421DF354BC00ABA354 /* LaunchScreen.storyboard */; };
		E463144D1DF3589A00ABA354 /* RealmManager.m in Sources */ = {isa = PBXBuildFile; fileRef = E463144C1DF3589A00ABA354 /* RealmManager.m */; };
		E46314541DF3595000ABA354 /* NameTableViewCell.m in Sources */ = {isa = PBXBuildFile; fileRef = E46314521DF3595000ABA354 /* NameTableViewCell.m */; };
		E46314551DF3595000ABA354 /* NameTableViewCell.xib in Resources */ = {isa = PBXBuildFile; fileRef = E46314531DF3595000ABA354 /* NameTableViewCell.xib */; };
		E46314581DF3599E00ABA354 /* Person.m in Sources */ = {isa = PBXBuildFile; fileRef = E46314571DF3599E00ABA354 /* Person.m */; };
/* End PBXBuildFile section */

/* Begin PBXFileReference section */
		2AE1105C3E76F84FC166D0DF /* libPods-Quiz6.a */ = {isa = PBXFileReference; explicitFileType = archive.ar; includeInIndex = 0; path = "libPods-Quiz6.a"; sourceTree = BUILT_PRODUCTS_DIR; };
		3B06D4FC293FB664FE7232F8 /* Pods-Quiz6.release.xcconfig */ = {isa = PBXFileReference; includeInIndex = 1; lastKnownFileType = text.xcconfig; name = "Pods-Quiz6.release.xcconfig"; path = "Pods/Target Support Files/Pods-Quiz6/Pods-Quiz6.release.xcconfig"; sourceTree = "<group>"; };
		E46314311DF354BC00ABA354 /* Quiz6.app */ = {isa = PBXFileReference; explicitFileType = wrapper.application; includeInIndex = 0; path = Quiz6.app; sourceTree = BUILT_PRODUCTS_DIR; };
		E46314351DF354BC00ABA354 /* main.m */ = {isa = PBXFileReference; lastKnownFileType = sourcecode.c.objc; path = main.m; sourceTree = "<group>"; };
		E46314371DF354BC00ABA354 /* AppDelegate.h */ = {isa = PBXFileReference; lastKnownFileType = sourcecode.c.h; path = AppDelegate.h; sourceTree = "<group>"; };
		E46314381DF354BC00ABA354 /* AppDelegate.m */ = {isa = PBXFileReference; lastKnownFileType = sourcecode.c.objc; path = AppDelegate.m; sourceTree = "<group>"; };
		E463143A1DF354BC00ABA354 /* ViewController.h */ = {isa = PBXFileReference; lastKnownFileType = sourcecode.c.h; path = ViewController.h; sourceTree = "<group>"; };
		E463143B1DF354BC00ABA354 /* ViewController.m */ = {isa = PBXFileReference; lastKnownFileType = sourcecode.c.objc; path = ViewController.m; sourceTree = "<group>"; };
		E463143E1DF354BC00ABA354 /* Base */ = {isa = PBXFileReference; lastKnownFileType = file.storyboard; name = Base; path = Base.lproj/Main.storyboard; sourceTree = "<group>"; };
		E46314401DF354BC00ABA354 /* Assets.xcassets */ = {isa = PBXFileReference; lastKnownFileType = folder.assetcatalog; path = Assets.xcassets; sourceTree = "<group>"; };
		E46314431DF354BC00ABA354 /* Base */ = {isa = PBXFileReference; lastKnownFileType = file.storyboard; name = Base; path = Base.lproj/LaunchScreen.storyboard; sourceTree = "<group>"; };
		E46314451DF354BC00ABA354 /* Info.plist */ = {isa = PBXFileReference; lastKnownFileType = text.plist.xml; path = Info.plist; sourceTree = "<group>"; };
		E463144B1DF3589A00ABA354 /* RealmManager.h */ = {isa = PBXFileReference; fileEncoding = 4; lastKnownFileType = sourcecode.c.h; path = RealmManager.h; sourceTree = "<group>"; };
		E463144C1DF3589A00ABA354 /* RealmManager.m */ = {isa = PBXFileReference; fileEncoding = 4; lastKnownFileType = sourcecode.c.objc; path = RealmManager.m; sourceTree = "<group>"; };
		E46314511DF3595000ABA354 /* NameTableViewCell.h */ = {isa = PBXFileReference; fileEncoding = 4; lastKnownFileType = sourcecode.c.h; path = NameTableViewCell.h; sourceTree = "<group>"; };
		E46314521DF3595000ABA354 /* NameTableViewCell.m */ = {isa = PBXFileReference; fileEncoding = 4; lastKnownFileType = sourcecode.c.objc; path = NameTableViewCell.m; sourceTree = "<group>"; };
		E46314531DF3595000ABA354 /* NameTableViewCell.xib */ = {isa = PBXFileReference; fileEncoding = 4; lastKnownFileType = file.xib; path = NameTableViewCell.xib; sourceTree = "<group>"; };
		E46314561DF3599E00ABA354 /* Person.h */ = {isa = PBXFileReference; fileEncoding = 4; lastKnownFileType = sourcecode.c.h; path = Person.h; sourceTree = "<group>"; };
		E46314571DF3599E00ABA354 /* Person.m */ = {isa = PBXFileReference; fileEncoding = 4; lastKnownFileType = sourcecode.c.objc; path = Person.m; sourceTree = "<group>"; };
		F0C4ACC2428F6253BEC0225D /* Pods-Quiz6.debug.xcconfig */ = {isa = PBXFileReference; includeInIndex = 1; lastKnownFileType = text.xcconfig; name = "Pods-Quiz6.debug.xcconfig"; path = "Pods/Target Support Files/Pods-Quiz6/Pods-Quiz6.debug.xcconfig"; sourceTree = "<group>"; };
/* End PBXFileReference section */

/* Begin PBXFrameworksBuildPhase section */
		E463142E1DF354BC00ABA354 /* Frameworks */ = {
			isa = PBXFrameworksBuildPhase;
			buildActionMask = 2147483647;
			files = (
				1176B045BAA3A85EAE06E5F5 /* libPods-Quiz6.a in Frameworks */,
			);
			runOnlyForDeploymentPostprocessing = 0;
		};
/* End PBXFrameworksBuildPhase section */

/* Begin PBXGroup section */
		E46314281DF354BC00ABA354 = {
			isa = PBXGroup;
			children = (
				E46314331DF354BC00ABA354 /* Quiz6 */,
				E46314321DF354BC00ABA354 /* Products */,
				E7D7E8023ACC8F5956A9DD51 /* Pods */,
				F5F85877E6D6E5FBABD4B393 /* Frameworks */,
			);
			sourceTree = "<group>";
		};
		E46314321DF354BC00ABA354 /* Products */ = {
			isa = PBXGroup;
			children = (
				E46314311DF354BC00ABA354 /* Quiz6.app */,
			);
			name = Products;
			sourceTree = "<group>";
		};
		E46314331DF354BC00ABA354 /* Quiz6 */ = {
			isa = PBXGroup;
			children = (
				E463144B1DF3589A00ABA354 /* RealmManager.h */,
				E463144C1DF3589A00ABA354 /* RealmManager.m */,
				E463143A1DF354BC00ABA354 /* ViewController.h */,
				E463143B1DF354BC00ABA354 /* ViewController.m */,
				E46314511DF3595000ABA354 /* NameTableViewCell.h */,
				E46314521DF3595000ABA354 /* NameTableViewCell.m */,
				E46314531DF3595000ABA354 /* NameTableViewCell.xib */,
				E463143D1DF354BC00ABA354 /* Main.storyboard */,
				E46314401DF354BC00ABA354 /* Assets.xcassets */,
				E46314421DF354BC00ABA354 /* LaunchScreen.storyboard */,
				E46314451DF354BC00ABA354 /* Info.plist */,
				E46314371DF354BC00ABA354 /* AppDelegate.h */,
				E46314381DF354BC00ABA354 /* AppDelegate.m */,
				E46314561DF3599E00ABA354 /* Person.h */,
				E46314571DF3599E00ABA354 /* Person.m */,
				E46314341DF354BC00ABA354 /* Supporting Files */,
			);
			path = Quiz6;
			sourceTree = "<group>";
		};
		E46314341DF354BC00ABA354 /* Supporting Files */ = {
			isa = PBXGroup;
			children = (
				E46314351DF354BC00ABA354 /* main.m */,
			);
			name = "Supporting Files";
			sourceTree = "<group>";
		};
		E7D7E8023ACC8F5956A9DD51 /* Pods */ = {
			isa = PBXGroup;
			children = (
				F0C4ACC2428F6253BEC0225D /* Pods-Quiz6.debug.xcconfig */,
				3B06D4FC293FB664FE7232F8 /* Pods-Quiz6.release.xcconfig */,
			);
			name = Pods;
			sourceTree = "<group>";
		};
		F5F85877E6D6E5FBABD4B393 /* Frameworks */ = {
			isa = PBXGroup;
			children = (
				2AE1105C3E76F84FC166D0DF /* libPods-Quiz6.a */,
			);
			name = Frameworks;
			sourceTree = "<group>";
		};
/* End PBXGroup section */

/* Begin PBXNativeTarget section */
		E46314301DF354BC00ABA354 /* Quiz6 */ = {
			isa = PBXNativeTarget;
			buildConfigurationList = E46314481DF354BC00ABA354 /* Build configuration list for PBXNativeTarget "Quiz6" */;
			buildPhases = (
				92A021CF201754800B9C93C3 /* [CP] Check Pods Manifest.lock */,
				E463142D1DF354BC00ABA354 /* Sources */,
				E463142E1DF354BC00ABA354 /* Frameworks */,
				E463142F1DF354BC00ABA354 /* Resources */,
				3580AB83A8CA02837F450E7C /* [CP] Embed Pods Frameworks */,
				C71CA08BBC4D308CEFC7215F /* [CP] Copy Pods Resources */,
			);
			buildRules = (
			);
			dependencies = (
			);
			name = Quiz6;
			productName = Quiz6;
			productReference = E46314311DF354BC00ABA354 /* Quiz6.app */;
			productType = "com.apple.product-type.application";
		};
/* End PBXNativeTarget section */

/* Begin PBXProject section */
		E46314291DF354BC00ABA354 /* Project object */ = {
			isa = PBXProject;
			attributes = {
				LastUpgradeCheck = 0730;
				ORGANIZATIONNAME = "Cristian Fernandez";
				TargetAttributes = {
					E46314301DF354BC00ABA354 = {
						CreatedOnToolsVersion = 7.3.1;
					};
				};
			};
			buildConfigurationList = E463142C1DF354BC00ABA354 /* Build configuration list for PBXProject "Quiz6" */;
			compatibilityVersion = "Xcode 3.2";
			developmentRegion = English;
			hasScannedForEncodings = 0;
			knownRegions = (
				en,
				Base,
			);
			mainGroup = E46314281DF354BC00ABA354;
			productRefGroup = E46314321DF354BC00ABA354 /* Products */;
			projectDirPath = "";
			projectRoot = "";
			targets = (
				E46314301DF354BC00ABA354 /* Quiz6 */,
			);
		};
/* End PBXProject section */

/* Begin PBXResourcesBuildPhase section */
		E463142F1DF354BC00ABA354 /* Resources */ = {
			isa = PBXResourcesBuildPhase;
			buildActionMask = 2147483647;
			files = (
				E46314441DF354BC00ABA354 /* LaunchScreen.storyboard in Resources */,
				E46314411DF354BC00ABA354 /* Assets.xcassets in Resources */,
				E46314551DF3595000ABA354 /* NameTableViewCell.xib in Resources */,
				E463143F1DF354BC00ABA354 /* Main.storyboard in Resources */,
			);
			runOnlyForDeploymentPostprocessing = 0;
		};
/* End PBXResourcesBuildPhase section */

/* Begin PBXShellScriptBuildPhase section */
		3580AB83A8CA02837F450E7C /* [CP] Embed Pods Frameworks */ = {
			isa = PBXShellScriptBuildPhase;
			buildActionMask = 2147483647;
			files = (
			);
			inputPaths = (
			);
			name = "[CP] Embed Pods Frameworks";
			outputPaths = (
			);
			runOnlyForDeploymentPostprocessing = 0;
			shellPath = /bin/sh;
			shellScript = "\"${SRCROOT}/Pods/Target Support Files/Pods-Quiz6/Pods-Quiz6-frameworks.sh\"\n";
			showEnvVarsInLog = 0;
		};
		92A021CF201754800B9C93C3 /* [CP] Check Pods Manifest.lock */ = {
			isa = PBXShellScriptBuildPhase;
			buildActionMask = 2147483647;
			files = (
			);
			inputPaths = (
			);
			name = "[CP] Check Pods Manifest.lock";
			outputPaths = (
			);
			runOnlyForDeploymentPostprocessing = 0;
			shellPath = /bin/sh;
			shellScript = "diff \"${PODS_ROOT}/../Podfile.lock\" \"${PODS_ROOT}/Manifest.lock\" > /dev/null\nif [[ $? != 0 ]] ; then\n    cat << EOM\nerror: The sandbox is not in sync with the Podfile.lock. Run 'pod install' or update your CocoaPods installation.\nEOM\n    exit 1\nfi\n";
			showEnvVarsInLog = 0;
		};
		C71CA08BBC4D308CEFC7215F /* [CP] Copy Pods Resources */ = {
			isa = PBXShellScriptBuildPhase;
			buildActionMask = 2147483647;
			files = (
			);
			inputPaths = (
			);
			name = "[CP] Copy Pods Resources";
			outputPaths = (
			);
			runOnlyForDeploymentPostprocessing = 0;
			shellPath = /bin/sh;
			shellScript = "\"${SRCROOT}/Pods/Target Support Files/Pods-Quiz6/Pods-Quiz6-resources.sh\"\n";
			showEnvVarsInLog = 0;
		};
/* End PBXShellScriptBuildPhase section */

/* Begin PBXSourcesBuildPhase section */
		E463142D1DF354BC00ABA354 /* Sources */ = {
			isa = PBXSourcesBuildPhase;
			buildActionMask = 2147483647;
			files = (
				E46314581DF3599E00ABA354 /* Person.m in Sources */,
				E463143C1DF354BC00ABA354 /* ViewController.m in Sources */,
				E463144D1DF3589A00ABA354 /* RealmManager.m in Sources */,
				E46314541DF3595000ABA354 /* NameTableViewCell.m in Sources */,
				E46314391DF354BC00ABA354 /* AppDelegate.m in Sources */,
				E46314361DF354BC00ABA354 /* main.m in Sources */,
			);
			runOnlyForDeploymentPostprocessing = 0;
		};
/* End PBXSourcesBuildPhase section */

/* Begin PBXVariantGroup section */
		E463143D1DF354BC00ABA354 /* Main.storyboard */ = {
			isa = PBXVariantGroup;
			children = (
				E463143E1DF354BC00ABA354 /* Base */,
			);
			name = Main.storyboard;
			sourceTree = "<group>";
		};
		E46314421DF354BC00ABA354 /* LaunchScreen.storyboard */ = {
			isa = PBXVariantGroup;
			children = (
				E46314431DF354BC00ABA354 /* Base */,
			);
			name = LaunchScreen.storyboard;
			sourceTree = "<group>";
		};
/* End PBXVariantGroup section */

/* Begin XCBuildConfiguration section */
		E46314461DF354BC00ABA354 /* Debug */ = {
			isa = XCBuildConfiguration;
			buildSettings = {
				ALWAYS_SEARCH_USER_PATHS = NO;
				CLANG_ANALYZER_NONNULL = YES;
				CLANG_CXX_LANGUAGE_STANDARD = "gnu++0x";
				CLANG_CXX_LIBRARY = "libc++";
				CLANG_ENABLE_MODULES = YES;
				CLANG_ENABLE_OBJC_ARC = YES;
				CLANG_WARN_BOOL_CONVERSION = YES;
				CLANG_WARN_CONSTANT_CONVERSION = YES;
				CLANG_WARN_DIRECT_OBJC_ISA_USAGE = YES_ERROR;
				CLANG_WARN_EMPTY_BODY = YES;
				CLANG_WARN_ENUM_CONVERSION = YES;
				CLANG_WARN_INT_CONVERSION = YES;
				CLANG_WARN_OBJC_ROOT_CLASS = YES_ERROR;
				CLANG_WARN_UNREACHABLE_CODE = YES;
				CLANG_WARN__DUPLICATE_METHOD_MATCH = YES;
				"CODE_SIGN_IDENTITY[sdk=iphoneos*]" = "iPhone Developer";
				COPY_PHASE_STRIP = NO;
				DEBUG_INFORMATION_FORMAT = dwarf;
				ENABLE_STRICT_OBJC_MSGSEND = YES;
				ENABLE_TESTABILITY = YES;
				GCC_C_LANGUAGE_STANDARD = gnu99;
				GCC_DYNAMIC_NO_PIC = NO;
				GCC_NO_COMMON_BLOCKS = YES;
				GCC_OPTIMIZATION_LEVEL = 0;
				GCC_PREPROCESSOR_DEFINITIONS = (
					"DEBUG=1",
					"$(inherited)",
				);
				GCC_WARN_64_TO_32_BIT_CONVERSION = YES;
				GCC_WARN_ABOUT_RETURN_TYPE = YES_ERROR;
				GCC_WARN_UNDECLARED_SELECTOR = YES;
				GCC_WARN_UNINITIALIZED_AUTOS = YES_AGGRESSIVE;
				GCC_WARN_UNUSED_FUNCTION = YES;
				GCC_WARN_UNUSED_VARIABLE = YES;
				IPHONEOS_DEPLOYMENT_TARGET = 9.3;
				MTL_ENABLE_DEBUG_INFO = YES;
				ONLY_ACTIVE_ARCH = YES;
				SDKROOT = iphoneos;
				TARGETED_DEVICE_FAMILY = "1,2";
			};
			name = Debug;
		};
		E46314471DF354BC00ABA354 /* Release */ = {
			isa = XCBuildConfiguration;
			buildSettings = {
				ALWAYS_SEARCH_USER_PATHS = NO;
				CLANG_ANALYZER_NONNULL = YES;
				CLANG_CXX_LANGUAGE_STANDARD = "gnu++0x";
				CLANG_CXX_LIBRARY = "libc++";
				CLANG_ENABLE_MODULES = YES;
				CLANG_ENABLE_OBJC_ARC = YES;
				CLANG_WARN_BOOL_CONVERSION = YES;
				CLANG_WARN_CONSTANT_CONVERSION = YES;
				CLANG_WARN_DIRECT_OBJC_ISA_USAGE = YES_ERROR;
				CLANG_WARN_EMPTY_BODY = YES;
				CLANG_WARN_ENUM_CONVERSION = YES;
				CLANG_WARN_INT_CONVERSION = YES;
				CLANG_WARN_OBJC_ROOT_CLASS = YES_ERROR;
				CLANG_WARN_UNREACHABLE_CODE = YES;
				CLANG_WARN__DUPLICATE_METHOD_MATCH = YES;
				"CODE_SIGN_IDENTITY[sdk=iphoneos*]" = "iPhone Developer";
				COPY_PHASE_STRIP = NO;
				DEBUG_INFORMATION_FORMAT = "dwarf-with-dsym";
				ENABLE_NS_ASSERTIONS = NO;
				ENABLE_STRICT_OBJC_MSGSEND = YES;
				GCC_C_LANGUAGE_STANDARD = gnu99;
				GCC_NO_COMMON_BLOCKS = YES;
				GCC_WARN_64_TO_32_BIT_CONVERSION = YES;
				GCC_WARN_ABOUT_RETURN_TYPE = YES_ERROR;
				GCC_WARN_UNDECLARED_SELECTOR = YES;
				GCC_WARN_UNINITIALIZED_AUTOS = YES_AGGRESSIVE;
				GCC_WARN_UNUSED_FUNCTION = YES;
				GCC_WARN_UNUSED_VARIABLE = YES;
				IPHONEOS_DEPLOYMENT_TARGET = 9.3;
				MTL_ENABLE_DEBUG_INFO = NO;
				SDKROOT = iphoneos;
				TARGETED_DEVICE_FAMILY = "1,2";
				VALIDATE_PRODUCT = YES;
			};
			name = Release;
		};
		E46314491DF354BC00ABA354 /* Debug */ = {
			isa = XCBuildConfiguration;
			baseConfigurationReference = F0C4ACC2428F6253BEC0225D /* Pods-Quiz6.debug.xcconfig */;
			buildSettings = {
				ASSETCATALOG_COMPILER_APPICON_NAME = AppIcon;
				INFOPLIST_FILE = Quiz6/Info.plist;
				LD_RUNPATH_SEARCH_PATHS = "$(inherited) @executable_path/Frameworks";
				PRODUCT_BUNDLE_IDENTIFIER = home.Quiz6;
				PRODUCT_NAME = "$(TARGET_NAME)";
			};
			name = Debug;
		};
		E463144A1DF354BC00ABA354 /* Release */ = {
			isa = XCBuildConfiguration;
			baseConfigurationReference = 3B06D4FC293FB664FE7232F8 /* Pods-Quiz6.release.xcconfig */;
			buildSettings = {
				ASSETCATALOG_COMPILER_APPICON_NAME = AppIcon;
				INFOPLIST_FILE = Quiz6/Info.plist;
				LD_RUNPATH_SEARCH_PATHS = "$(inherited) @executable_path/Frameworks";
				PRODUCT_BUNDLE_IDENTIFIER = home.Quiz6;
				PRODUCT_NAME = "$(TARGET_NAME)";
			};
			name = Release;
		};
/* End XCBuildConfiguration section */

/* Begin XCConfigurationList section */
		E463142C1DF354BC00ABA354 /* Build configuration list for PBXProject "Quiz6" */ = {
			isa = XCConfigurationList;
			buildConfigurations = (
				E46314461DF354BC00ABA354 /* Debug */,
				E46314471DF354BC00ABA354 /* Release */,
			);
			defaultConfigurationIsVisible = 0;
			defaultConfigurationName = Release;
		};
		E46314481DF354BC00ABA354 /* Build configuration list for PBXNativeTarget "Quiz6" */ = {
			isa = XCConfigurationList;
			buildConfigurations = (
				E46314491DF354BC00ABA354 /* Debug */,
				E463144A1DF354BC00ABA354 /* Release */,
			);
			defaultConfigurationIsVisible = 0;
			defaultConfigurationName = Release;
		};
/* End XCConfigurationList section */
	};
	rootObject = E46314291DF354BC00ABA354 /* Project object */;
}
